// !$*UTF8*$!
{
	archiveVersion = 1;
	classes = {
	};
	objectVersion = 56;
	objects = {

/* Begin PBXBuildFile section */
		B6374FBF2A327437004A62C1 /* ZEHRAGLEM_ISOApp.swift in Sources */ = {isa = PBXBuildFile; fileRef = B6374FBE2A327437004A62C1 /* ZEHRAGLEM_ISOApp.swift */; };
		B6374FC12A327437004A62C1 /* ContentView.swift in Sources */ = {isa = PBXBuildFile; fileRef = B6374FC02A327437004A62C1 /* ContentView.swift */; };
		B6374FC32A327438004A62C1 /* Assets.xcassets in Resources */ = {isa = PBXBuildFile; fileRef = B6374FC22A327438004A62C1 /* Assets.xcassets */; };
		B6374FC72A327438004A62C1 /* Preview Assets.xcassets in Resources */ = {isa = PBXBuildFile; fileRef = B6374FC62A327438004A62C1 /* Preview Assets.xcassets */; };
		B6374FD52A327701004A62C1 /* Login_page.swift in Sources */ = {isa = PBXBuildFile; fileRef = B6374FD42A327701004A62C1 /* Login_page.swift */; };
/* End PBXBuildFile section */

/* Begin PBXFileReference section */
		B6374FBB2A327437004A62C1 /* ZEHRAGLEM.ISO.app */ = {isa = PBXFileReference; explicitFileType = wrapper.application; includeInIndex = 0; path = ZEHRAGLEM.ISO.app; sourceTree = BUILT_PRODUCTS_DIR; };
		B6374FBE2A327437004A62C1 /* ZEHRAGLEM_ISOApp.swift */ = {isa = PBXFileReference; lastKnownFileType = sourcecode.swift; path = ZEHRAGLEM_ISOApp.swift; sourceTree = "<group>"; };
		B6374FC02A327437004A62C1 /* ContentView.swift */ = {isa = PBXFileReference; lastKnownFileType = sourcecode.swift; path = ContentView.swift; sourceTree = "<group>"; };
		B6374FC22A327438004A62C1 /* Assets.xcassets */ = {isa = PBXFileReference; lastKnownFileType = folder.assetcatalog; path = Assets.xcassets; sourceTree = "<group>"; };
		B6374FC42A327438004A62C1 /* ZEHRAGLEM_ISO.entitlements */ = {isa = PBXFileReference; lastKnownFileType = text.plist.entitlements; path = ZEHRAGLEM_ISO.entitlements; sourceTree = "<group>"; };
		B6374FC62A327438004A62C1 /* Preview Assets.xcassets */ = {isa = PBXFileReference; lastKnownFileType = folder.assetcatalog; path = "Preview Assets.xcassets"; sourceTree = "<group>"; };
		B6374FD42A327701004A62C1 /* Login_page.swift */ = {isa = PBXFileReference; lastKnownFileType = sourcecode.swift; path = Login_page.swift; sourceTree = "<group>"; };
/* End PBXFileReference section */

/* Begin PBXFrameworksBuildPhase section */
		B6374FB82A327437004A62C1 /* Frameworks */ = {
			isa = PBXFrameworksBuildPhase;
			buildActionMask = 2147483647;
			files = (
			);
			runOnlyForDeploymentPostprocessing = 0;
		};
/* End PBXFrameworksBuildPhase section */

/* Begin PBXGroup section */
		B6374FB22A327437004A62C1 = {
			isa = PBXGroup;
			children = (
				B6374FBD2A327437004A62C1 /* ZEHRAGLEM.ISO */,
				B6374FBC2A327437004A62C1 /* Products */,
			);
			sourceTree = "<group>";
		};
		B6374FBC2A327437004A62C1 /* Products */ = {
			isa = PBXGroup;
			children = (
				B6374FBB2A327437004A62C1 /* ZEHRAGLEM.ISO.app */,
			);
			name = Products;
			sourceTree = "<group>";
		};
		B6374FBD2A327437004A62C1 /* ZEHRAGLEM.ISO */ = {
			isa = PBXGroup;
			children = (
				B6374FCD2A32763F004A62C1 /* Core_Files */,
				B6374FBE2A327437004A62C1 /* ZEHRAGLEM_ISOApp.swift */,
				B6374FC02A327437004A62C1 /* ContentView.swift */,
				B6374FC22A327438004A62C1 /* Assets.xcassets */,
				B6374FC42A327438004A62C1 /* ZEHRAGLEM_ISO.entitlements */,
				B6374FC52A327438004A62C1 /* Preview Content */,
			);
			path = ZEHRAGLEM.ISO;
			sourceTree = "<group>";
		};
		B6374FC52A327438004A62C1 /* Preview Content */ = {
			isa = PBXGroup;
			children = (
				B6374FC62A327438004A62C1 /* Preview Assets.xcassets */,
			);
			path = "Preview Content";
			sourceTree = "<group>";
		};
		B6374FCD2A32763F004A62C1 /* Core_Files */ = {
			isa = PBXGroup;
			children = (
				B6374FD32A3276D9004A62C1 /* Startup_page */,
				B6374FD22A3276CD004A62C1 /* Profile */,
				B6374FD12A3276C0004A62C1 /* Menu */,
				B6374FD02A3276B5004A62C1 /* Massage */,
				B6374FCF2A327699004A62C1 /* MainTab */,
				B6374FCE2A327682004A62C1 /* Home */,
			);
			path = Core_Files;
			sourceTree = "<group>";
		};
		B6374FCE2A327682004A62C1 /* Home */ = {
			isa = PBXGroup;
			children = (
			);
			path = Home;
			sourceTree = "<group>";
		};
		B6374FCF2A327699004A62C1 /* MainTab */ = {
			isa = PBXGroup;
			children = (
			);
			path = MainTab;
			sourceTree = "<group>";
		};
		B6374FD02A3276B5004A62C1 /* Massage */ = {
			isa = PBXGroup;
			children = (
			);
			path = Massage;
			sourceTree = "<group>";
		};
		B6374FD12A3276C0004A62C1 /* Menu */ = {
			isa = PBXGroup;
			children = (
			);
			path = Menu;
			sourceTree = "<group>";
		};
		B6374FD22A3276CD004A62C1 /* Profile */ = {
			isa = PBXGroup;
			children = (
			);
			path = Profile;
			sourceTree = "<group>";
		};
		B6374FD32A3276D9004A62C1 /* Startup_page */ = {
			isa = PBXGroup;
			children = (
				B6374FD42A327701004A62C1 /* Login_page.swift */,
			);
			path = Startup_page;
			sourceTree = "<group>";
		};
/* End PBXGroup section */

/* Begin PBXNativeTarget section */
		B6374FBA2A327437004A62C1 /* ZEHRAGLEM.ISO */ = {
			isa = PBXNativeTarget;
			buildConfigurationList = B6374FCA2A327438004A62C1 /* Build configuration list for PBXNativeTarget "ZEHRAGLEM.ISO" */;
			buildPhases = (
				B6374FB72A327437004A62C1 /* Sources */,
				B6374FB82A327437004A62C1 /* Frameworks */,
				B6374FB92A327437004A62C1 /* Resources */,
			);
			buildRules = (
			);
			dependencies = (
			);
			name = ZEHRAGLEM.ISO;
			productName = ZEHRAGLEM.ISO;
			productReference = B6374FBB2A327437004A62C1 /* ZEHRAGLEM.ISO.app */;
			productType = "com.apple.product-type.application";
		};
/* End PBXNativeTarget section */

/* Begin PBXProject section */
		B6374FB32A327437004A62C1 /* Project object */ = {
			isa = PBXProject;
			attributes = {
				BuildIndependentTargetsInParallel = 1;
				LastSwiftUpdateCheck = 1430;
				LastUpgradeCheck = 1430;
				TargetAttributes = {
					B6374FBA2A327437004A62C1 = {
						CreatedOnToolsVersion = 14.3.1;
					};
				};
			};
			buildConfigurationList = B6374FB62A327437004A62C1 /* Build configuration list for PBXProject "ZEHRAGLEM.ISO" */;
			compatibilityVersion = "Xcode 14.0";
			developmentRegion = en;
			hasScannedForEncodings = 0;
			knownRegions = (
				en,
				Base,
			);
			mainGroup = B6374FB22A327437004A62C1;
			productRefGroup = B6374FBC2A327437004A62C1 /* Products */;
			projectDirPath = "";
			projectRoot = "";
			targets = (
				B6374FBA2A327437004A62C1 /* ZEHRAGLEM.ISO */,
			);
		};
/* End PBXProject section */

/* Begin PBXResourcesBuildPhase section */
		B6374FB92A327437004A62C1 /* Resources */ = {
			isa = PBXResourcesBuildPhase;
			buildActionMask = 2147483647;
			files = (
				B6374FC72A327438004A62C1 /* Preview Assets.xcassets in Resources */,
				B6374FC32A327438004A62C1 /* Assets.xcassets in Resources */,
			);
			runOnlyForDeploymentPostprocessing = 0;
		};
/* End PBXResourcesBuildPhase section */

/* Begin PBXSourcesBuildPhase section */
		B6374FB72A327437004A62C1 /* Sources */ = {
			isa = PBXSourcesBuildPhase;
			buildActionMask = 2147483647;
			files = (
				B6374FC12A327437004A62C1 /* ContentView.swift in Sources */,
				B6374FD52A327701004A62C1 /* Login_page.swift in Sources */,
				B6374FBF2A327437004A62C1 /* ZEHRAGLEM_ISOApp.swift in Sources */,
			);
			runOnlyForDeploymentPostprocessing = 0;
		};
/* End PBXSourcesBuildPhase section */

/* Begin XCBuildConfiguration section */
		B6374FC82A327438004A62C1 /* Debug */ = {
			isa = XCBuildConfiguration;
			buildSettings = {
				ALWAYS_SEARCH_USER_PATHS = NO;
				CLANG_ANALYZER_NONNULL = YES;
				CLANG_ANALYZER_NUMBER_OBJECT_CONVERSION = YES_AGGRESSIVE;
				CLANG_CXX_LANGUAGE_STANDARD = "gnu++20";
				CLANG_ENABLE_MODULES = YES;
				CLANG_ENABLE_OBJC_ARC = YES;
				CLANG_ENABLE_OBJC_WEAK = YES;
				CLANG_WARN_BLOCK_CAPTURE_AUTORELEASING = YES;
				CLANG_WARN_BOOL_CONVERSION = YES;
				CLANG_WARN_COMMA = YES;
				CLANG_WARN_CONSTANT_CONVERSION = YES;
				CLANG_WARN_DEPRECATED_OBJC_IMPLEMENTATIONS = YES;
				CLANG_WARN_DIRECT_OBJC_ISA_USAGE = YES_ERROR;
				CLANG_WARN_DOCUMENTATION_COMMENTS = YES;
				CLANG_WARN_EMPTY_BODY = YES;
				CLANG_WARN_ENUM_CONVERSION = YES;
				CLANG_WARN_INFINITE_RECURSION = YES;
				CLANG_WARN_INT_CONVERSION = YES;
				CLANG_WARN_NON_LITERAL_NULL_CONVERSION = YES;
				CLANG_WARN_OBJC_IMPLICIT_RETAIN_SELF = YES;
				CLANG_WARN_OBJC_LITERAL_CONVERSION = YES;
				CLANG_WARN_OBJC_ROOT_CLASS = YES_ERROR;
				CLANG_WARN_QUOTED_INCLUDE_IN_FRAMEWORK_HEADER = YES;
				CLANG_WARN_RANGE_LOOP_ANALYSIS = YES;
				CLANG_WARN_STRICT_PROTOTYPES = YES;
				CLANG_WARN_SUSPICIOUS_MOVE = YES;
				CLANG_WARN_UNGUARDED_AVAILABILITY = YES_AGGRESSIVE;
				CLANG_WARN_UNREACHABLE_CODE = YES;
				CLANG_WARN__DUPLICATE_METHOD_MATCH = YES;
				COPY_PHASE_STRIP = NO;
				DEBUG_INFORMATION_FORMAT = dwarf;
				ENABLE_STRICT_OBJC_MSGSEND = YES;
				ENABLE_TESTABILITY = YES;
				GCC_C_LANGUAGE_STANDARD = gnu11;
				GCC_DYNAMIC_NO_PIC = NO;
				GCC_NO_COMMON_BLOCKS = YES;
				GCC_OPTIMIZATION_LEVEL = 0;
				GCC_PREPROCESSOR_DEFINITIONS = (
					"DEBUG=1",
					"$(inherited)",
				);
				GCC_WARN_64_TO_32_BIT_CONVERSION = YES;
				GCC_WARN_ABOUT_RETURN_TYPE = YES_ERROR;
				GCC_WARN_UNDECLARED_SELECTOR = YES;
				GCC_WARN_UNINITIALIZED_AUTOS = YES_AGGRESSIVE;
				GCC_WARN_UNUSED_FUNCTION = YES;
				GCC_WARN_UNUSED_VARIABLE = YES;
				MTL_ENABLE_DEBUG_INFO = INCLUDE_SOURCE;
				MTL_FAST_MATH = YES;
				ONLY_ACTIVE_ARCH = YES;
				SWIFT_ACTIVE_COMPILATION_CONDITIONS = DEBUG;
				SWIFT_OPTIMIZATION_LEVEL = "-Onone";
			};
			name = Debug;
		};
		B6374FC92A327438004A62C1 /* Release */ = {
			isa = XCBuildConfiguration;
			buildSettings = {
				ALWAYS_SEARCH_USER_PATHS = NO;
				CLANG_ANALYZER_NONNULL = YES;
				CLANG_ANALYZER_NUMBER_OBJECT_CONVERSION = YES_AGGRESSIVE;
				CLANG_CXX_LANGUAGE_STANDARD = "gnu++20";
				CLANG_ENABLE_MODULES = YES;
				CLANG_ENABLE_OBJC_ARC = YES;
				CLANG_ENABLE_OBJC_WEAK = YES;
				CLANG_WARN_BLOCK_CAPTURE_AUTORELEASING = YES;
				CLANG_WARN_BOOL_CONVERSION = YES;
				CLANG_WARN_COMMA = YES;
				CLANG_WARN_CONSTANT_CONVERSION = YES;
				CLANG_WARN_DEPRECATED_OBJC_IMPLEMENTATIONS = YES;
				CLANG_WARN_DIRECT_OBJC_ISA_USAGE = YES_ERROR;
				CLANG_WARN_DOCUMENTATION_COMMENTS = YES;
				CLANG_WARN_EMPTY_BODY = YES;
				CLANG_WARN_ENUM_CONVERSION = YES;
				CLANG_WARN_INFINITE_RECURSION = YES;
				CLANG_WARN_INT_CONVERSION = YES;
				CLANG_WARN_NON_LITERAL_NULL_CONVERSION = YES;
				CLANG_WARN_OBJC_IMPLICIT_RETAIN_SELF = YES;
				CLANG_WARN_OBJC_LITERAL_CONVERSION = YES;
				CLANG_WARN_OBJC_ROOT_CLASS = YES_ERROR;
				CLANG_WARN_QUOTED_INCLUDE_IN_FRAMEWORK_HEADER = YES;
				CLANG_WARN_RANGE_LOOP_ANALYSIS = YES;
				CLANG_WARN_STRICT_PROTOTYPES = YES;
				CLANG_WARN_SUSPICIOUS_MOVE = YES;
				CLANG_WARN_UNGUARDED_AVAILABILITY = YES_AGGRESSIVE;
				CLANG_WARN_UNREACHABLE_CODE = YES;
				CLANG_WARN__DUPLICATE_METHOD_MATCH = YES;
				COPY_PHASE_STRIP = NO;
				DEBUG_INFORMATION_FORMAT = "dwarf-with-dsym";
				ENABLE_NS_ASSERTIONS = NO;
				ENABLE_STRICT_OBJC_MSGSEND = YES;
				GCC_C_LANGUAGE_STANDARD = gnu11;
				GCC_NO_COMMON_BLOCKS = YES;
				GCC_WARN_64_TO_32_BIT_CONVERSION = YES;
				GCC_WARN_ABOUT_RETURN_TYPE = YES_ERROR;
				GCC_WARN_UNDECLARED_SELECTOR = YES;
				GCC_WARN_UNINITIALIZED_AUTOS = YES_AGGRESSIVE;
				GCC_WARN_UNUSED_FUNCTION = YES;
				GCC_WARN_UNUSED_VARIABLE = YES;
				MTL_ENABLE_DEBUG_INFO = NO;
				MTL_FAST_MATH = YES;
				SWIFT_COMPILATION_MODE = wholemodule;
				SWIFT_OPTIMIZATION_LEVEL = "-O";
			};
			name = Release;
		};
		B6374FCB2A327438004A62C1 /* Debug */ = {
			isa = XCBuildConfiguration;
			buildSettings = {
				ASSETCATALOG_COMPILER_APPICON_NAME = AppIcon;
				ASSETCATALOG_COMPILER_GLOBAL_ACCENT_COLOR_NAME = AccentColor;
				CODE_SIGN_ENTITLEMENTS = ZEHRAGLEM.ISO/ZEHRAGLEM_ISO.entitlements;
				CODE_SIGN_STYLE = Automatic;
				CURRENT_PROJECT_VERSION = 1;
				DEVELOPMENT_ASSET_PATHS = "\"ZEHRAGLEM.ISO/Preview Content\"";
				DEVELOPMENT_TEAM = F75U2U28DQ;
				ENABLE_HARDENED_RUNTIME = YES;
				ENABLE_PREVIEWS = YES;
				GENERATE_INFOPLIST_FILE = YES;
				"INFOPLIST_KEY_UIApplicationSceneManifest_Generation[sdk=iphoneos*]" = YES;
				"INFOPLIST_KEY_UIApplicationSceneManifest_Generation[sdk=iphonesimulator*]" = YES;
				"INFOPLIST_KEY_UIApplicationSupportsIndirectInputEvents[sdk=iphoneos*]" = YES;
				"INFOPLIST_KEY_UIApplicationSupportsIndirectInputEvents[sdk=iphonesimulator*]" = YES;
				"INFOPLIST_KEY_UILaunchScreen_Generation[sdk=iphoneos*]" = YES;
				"INFOPLIST_KEY_UILaunchScreen_Generation[sdk=iphonesimulator*]" = YES;
				"INFOPLIST_KEY_UIStatusBarStyle[sdk=iphoneos*]" = UIStatusBarStyleDefault;
				"INFOPLIST_KEY_UIStatusBarStyle[sdk=iphonesimulator*]" = UIStatusBarStyleDefault;
				INFOPLIST_KEY_UISupportedInterfaceOrientations_iPad = "UIInterfaceOrientationPortrait UIInterfaceOrientationPortraitUpsideDown UIInterfaceOrientationLandscapeLeft UIInterfaceOrientationLandscapeRight";
				INFOPLIST_KEY_UISupportedInterfaceOrientations_iPhone = "UIInterfaceOrientationPortrait UIInterfaceOrientationLandscapeLeft UIInterfaceOrientationLandscapeRight";
				IPHONEOS_DEPLOYMENT_TARGET = 16.4;
				LD_RUNPATH_SEARCH_PATHS = "@executable_path/Frameworks";
				"LD_RUNPATH_SEARCH_PATHS[sdk=macosx*]" = "@executable_path/../Frameworks";
				MACOSX_DEPLOYMENT_TARGET = 13.3;
				MARKETING_VERSION = 1.0;
				PRODUCT_BUNDLE_IDENTIFIER = "ZEHERAGLEM.ZEHRAGLEM-ISO";
				PRODUCT_NAME = "$(TARGET_NAME)";
				SDKROOT = auto;
				SUPPORTED_PLATFORMS = "iphoneos iphonesimulator macosx";
				SWIFT_EMIT_LOC_STRINGS = YES;
				SWIFT_VERSION = 5.0;
				TARGETED_DEVICE_FAMILY = "1,2";
			};
			name = Debug;
		};
		B6374FCC2A327438004A62C1 /* Release */ = {
			isa = XCBuildConfiguration;
			buildSettings = {
				ASSETCATALOG_COMPILER_APPICON_NAME = AppIcon;
				ASSETCATALOG_COMPILER_GLOBAL_ACCENT_COLOR_NAME = AccentColor;
				CODE_SIGN_ENTITLEMENTS = ZEHRAGLEM.ISO/ZEHRAGLEM_ISO.entitlements;
				CODE_SIGN_STYLE = Automatic;
				CURRENT_PROJECT_VERSION = 1;
				DEVELOPMENT_ASSET_PATHS = "\"ZEHRAGLEM.ISO/Preview Content\"";
				DEVELOPMENT_TEAM = F75U2U28DQ;
				ENABLE_HARDENED_RUNTIME = YES;
				ENABLE_PREVIEWS = YES;
				GENERATE_INFOPLIST_FILE = YES;
				"INFOPLIST_KEY_UIApplicationSceneManifest_Generation[sdk=iphoneos*]" = YES;
				"INFOPLIST_KEY_UIApplicationSceneManifest_Generation[sdk=iphonesimulator*]" = YES;
				"INFOPLIST_KEY_UIApplicationSupportsIndirectInputEvents[sdk=iphoneos*]" = YES;
				"INFOPLIST_KEY_UIApplicationSupportsIndirectInputEvents[sdk=iphonesimulator*]" = YES;
				"INFOPLIST_KEY_UILaunchScreen_Generation[sdk=iphoneos*]" = YES;
				"INFOPLIST_KEY_UILaunchScreen_Generation[sdk=iphonesimulator*]" = YES;
				"INFOPLIST_KEY_UIStatusBarStyle[sdk=iphoneos*]" = UIStatusBarStyleDefault;
				"INFOPLIST_KEY_UIStatusBarStyle[sdk=iphonesimulator*]" = UIStatusBarStyleDefault;
				INFOPLIST_KEY_UISupportedInterfaceOrientations_iPad = "UIInterfaceOrientationPortrait UIInterfaceOrientationPortraitUpsideDown UIInterfaceOrientationLandscapeLeft UIInterfaceOrientationLandscapeRight";
				INFOPLIST_KEY_UISupportedInterfaceOrientations_iPhone = "UIInterfaceOrientationPortrait UIInterfaceOrientationLandscapeLeft UIInterfaceOrientationLandscapeRight";
				IPHONEOS_DEPLOYMENT_TARGET = 16.4;
				LD_RUNPATH_SEARCH_PATHS = "@executable_path/Frameworks";
				"LD_RUNPATH_SEARCH_PATHS[sdk=macosx*]" = "@executable_path/../Frameworks";
				MACOSX_DEPLOYMENT_TARGET = 13.3;
				MARKETING_VERSION = 1.0;
				PRODUCT_BUNDLE_IDENTIFIER = "ZEHERAGLEM.ZEHRAGLEM-ISO";
				PRODUCT_NAME = "$(TARGET_NAME)";
				SDKROOT = auto;
				SUPPORTED_PLATFORMS = "iphoneos iphonesimulator macosx";
				SWIFT_EMIT_LOC_STRINGS = YES;
				SWIFT_VERSION = 5.0;
				TARGETED_DEVICE_FAMILY = "1,2";
			};
			name = Release;
		};
/* End XCBuildConfiguration section */

/* Begin XCConfigurationList section */
		B6374FB62A327437004A62C1 /* Build configuration list for PBXProject "ZEHRAGLEM.ISO" */ = {
			isa = XCConfigurationList;
			buildConfigurations = (
				B6374FC82A327438004A62C1 /* Debug */,
				B6374FC92A327438004A62C1 /* Release */,
			);
			defaultConfigurationIsVisible = 0;
			defaultConfigurationName = Release;
		};
		B6374FCA2A327438004A62C1 /* Build configuration list for PBXNativeTarget "ZEHRAGLEM.ISO" */ = {
			isa = XCConfigurationList;
			buildConfigurations = (
				B6374FCB2A327438004A62C1 /* Debug */,
				B6374FCC2A327438004A62C1 /* Release */,
			);
			defaultConfigurationIsVisible = 0;
			defaultConfigurationName = Release;
		};
/* End XCConfigurationList section */
	};
	rootObject = B6374FB32A327437004A62C1 /* Project object */;
}
